
Microsoft Visual Studio Solution File, Format Version 12.00
# Visual Studio Version 17
VisualStudioVersion = 17.2.32616.157
MinimumVisualStudioVersion = 10.0.40219.1
Project("{FAE04EC0-301F-11D3-BF4B-00C04F79EFBC}") = "MtgMeta", "MtgMeta\MtgMeta.csproj", "{6471AD99-AC6C-4AD8-8CCD-0857D13F03B5}"
EndProject
Global
	GlobalSection(SolutionConfigurationPlatforms) = preSolution
		Debug|Any CPU = Debug|Any CPU
		Release|Any CPU = Release|Any CPU
	EndGlobalSection
	GlobalSection(ProjectConfigurationPlatforms) = postSolution
		{6471AD99-AC6C-4AD8-8CCD-0857D13F03B5}.Debug|Any CPU.ActiveCfg = Debug|Any CPU
		{6471AD99-AC6C-4AD8-8CCD-0857D13F03B5}.Debug|Any CPU.Build.0 = Debug|Any CPU
		{6471AD99-AC6C-4AD8-8CCD-0857D13F03B5}.Release|Any CPU.ActiveCfg = Release|Any CPU
		{6471AD99-AC6C-4AD8-8CCD-0857D13F03B5}.Release|Any CPU.Build.0 = Release|Any CPU
	EndGlobalSection
	GlobalSection(SolutionProperties) = preSolution
		HideSolutionNode = FALSE
	EndGlobalSection
	GlobalSection(ExtensibilityGlobals) = postSolution
		SolutionGuid = {C8AB9C9A-43E2-4949-A034-034D5CF105EC}
	EndGlobalSection
EndGlobal
